
Microsoft Visual Studio Solution File, Format Version 12.00
# Visual Studio Version 16
VisualStudioVersion = 16.0.30309.148
MinimumVisualStudioVersion = 10.0.40219.1
Project("{FAE04EC0-301F-11D3-BF4B-00C04F79EFBC}") = "WebAppDemo", "WebAppDemo\WebAppDemo.csproj", "{06CC1B44-FD59-4C8B-B7A8-582122AFE15C}"
EndProject
Global
	GlobalSection(SolutionConfigurationPlatforms) = preSolution
		Debug|Any CPU = Debug|Any CPU
		Release|Any CPU = Release|Any CPU
	EndGlobalSection
	GlobalSection(ProjectConfigurationPlatforms) = postSolution
		{06CC1B44-FD59-4C8B-B7A8-582122AFE15C}.Debug|Any CPU.ActiveCfg = Debug|Any CPU
		{06CC1B44-FD59-4C8B-B7A8-582122AFE15C}.Debug|Any CPU.Build.0 = Debug|Any CPU
		{06CC1B44-FD59-4C8B-B7A8-582122AFE15C}.Release|Any CPU.ActiveCfg = Release|Any CPU
		{06CC1B44-FD59-4C8B-B7A8-582122AFE15C}.Release|Any CPU.Build.0 = Release|Any CPU
	EndGlobalSection
	GlobalSection(SolutionProperties) = preSolution
		HideSolutionNode = FALSE
	EndGlobalSection
	GlobalSection(ExtensibilityGlobals) = postSolution
		SolutionGuid = {60EA5FBE-9710-4D4B-9096-0E428A5809A8}
	EndGlobalSection
EndGlobal
